
Microsoft Visual Studio Solution File, Format Version 12.00
# Visual Studio Version 16
VisualStudioVersion = 16.0.29519.87
MinimumVisualStudioVersion = 10.0.40219.1
Project("{FAE04EC0-301F-11D3-BF4B-00C04F79EFBC}") = "DecoderWPF", "DecoderWPF\DecoderWPF.csproj", "{F02DB7CC-E1BF-4C20-B2B7-42B4B4895AA7}"
EndProject
Project("{FAE04EC0-301F-11D3-BF4B-00C04F79EFBC}") = "DecoderLibrary", "DecoderLibrary\DecoderLibrary.csproj", "{A7DAB287-79B4-488F-A9CF-4856CABE2FD4}"
EndProject
Global
	GlobalSection(SolutionConfigurationPlatforms) = preSolution
		Debug|Any CPU = Debug|Any CPU
		Release|Any CPU = Release|Any CPU
	EndGlobalSection
	GlobalSection(ProjectConfigurationPlatforms) = postSolution
		{F02DB7CC-E1BF-4C20-B2B7-42B4B4895AA7}.Debug|Any CPU.ActiveCfg = Debug|Any CPU
		{F02DB7CC-E1BF-4C20-B2B7-42B4B4895AA7}.Debug|Any CPU.Build.0 = Debug|Any CPU
		{F02DB7CC-E1BF-4C20-B2B7-42B4B4895AA7}.Release|Any CPU.ActiveCfg = Release|Any CPU
		{F02DB7CC-E1BF-4C20-B2B7-42B4B4895AA7}.Release|Any CPU.Build.0 = Release|Any CPU
		{A7DAB287-79B4-488F-A9CF-4856CABE2FD4}.Debug|Any CPU.ActiveCfg = Debug|Any CPU
		{A7DAB287-79B4-488F-A9CF-4856CABE2FD4}.Debug|Any CPU.Build.0 = Debug|Any CPU
		{A7DAB287-79B4-488F-A9CF-4856CABE2FD4}.Release|Any CPU.ActiveCfg = Release|Any CPU
		{A7DAB287-79B4-488F-A9CF-4856CABE2FD4}.Release|Any CPU.Build.0 = Release|Any CPU
	EndGlobalSection
	GlobalSection(SolutionProperties) = preSolution
		HideSolutionNode = FALSE
	EndGlobalSection
	GlobalSection(ExtensibilityGlobals) = postSolution
		SolutionGuid = {291D34CA-1FBA-4177-BB4A-B9B02E5B48BE}
	EndGlobalSection
EndGlobal
